
Microsoft Visual Studio Solution File, Format Version 12.00
# Visual Studio Version 17
VisualStudioVersion = 17.1.32210.238
MinimumVisualStudioVersion = 10.0.40219.1
Project("{FAE04EC0-301F-11D3-BF4B-00C04F79EFBC}") = "Uc-1-AddressBook", "Uc-1-AddressBook\Uc-1-AddressBook.csproj", "{F62EAD2F-C436-4168-AEC5-7183509BFF9D}"
EndProject
Global
	GlobalSection(SolutionConfigurationPlatforms) = preSolution
		Debug|Any CPU = Debug|Any CPU
		Release|Any CPU = Release|Any CPU
	EndGlobalSection
	GlobalSection(ProjectConfigurationPlatforms) = postSolution
		{F62EAD2F-C436-4168-AEC5-7183509BFF9D}.Debug|Any CPU.ActiveCfg = Debug|Any CPU
		{F62EAD2F-C436-4168-AEC5-7183509BFF9D}.Debug|Any CPU.Build.0 = Debug|Any CPU
		{F62EAD2F-C436-4168-AEC5-7183509BFF9D}.Release|Any CPU.ActiveCfg = Release|Any CPU
		{F62EAD2F-C436-4168-AEC5-7183509BFF9D}.Release|Any CPU.Build.0 = Release|Any CPU
	EndGlobalSection
	GlobalSection(SolutionProperties) = preSolution
		HideSolutionNode = FALSE
	EndGlobalSection
	GlobalSection(ExtensibilityGlobals) = postSolution
		SolutionGuid = {C998BB68-A7F5-40AB-9B80-132AF528D48B}
	EndGlobalSection
EndGlobal
