
Microsoft Visual Studio Solution File, Format Version 12.00
# Visual Studio Version 17
VisualStudioVersion = 17.1.32210.238
MinimumVisualStudioVersion = 10.0.40219.1
Project("{FAE04EC0-301F-11D3-BF4B-00C04F79EFBC}") = "Uc-2-AddNewContact", "Uc-2-AddNewContact\Uc-2-AddNewContact.csproj", "{A1253099-B07C-4F6F-8955-0C2EC3471E5E}"
EndProject
Global
	GlobalSection(SolutionConfigurationPlatforms) = preSolution
		Debug|Any CPU = Debug|Any CPU
		Release|Any CPU = Release|Any CPU
	EndGlobalSection
	GlobalSection(ProjectConfigurationPlatforms) = postSolution
		{A1253099-B07C-4F6F-8955-0C2EC3471E5E}.Debug|Any CPU.ActiveCfg = Debug|Any CPU
		{A1253099-B07C-4F6F-8955-0C2EC3471E5E}.Debug|Any CPU.Build.0 = Debug|Any CPU
		{A1253099-B07C-4F6F-8955-0C2EC3471E5E}.Release|Any CPU.ActiveCfg = Release|Any CPU
		{A1253099-B07C-4F6F-8955-0C2EC3471E5E}.Release|Any CPU.Build.0 = Release|Any CPU
	EndGlobalSection
	GlobalSection(SolutionProperties) = preSolution
		HideSolutionNode = FALSE
	EndGlobalSection
	GlobalSection(ExtensibilityGlobals) = postSolution
		SolutionGuid = {558F99F7-CB40-42B2-8DEB-F2F977F0E50F}
	EndGlobalSection
EndGlobal
